{
  "name": "Britium_Express_Enterprise_App",
  "lockfileVersion": 3,
  "requires": true,
  "packages": {
    "apps/admin-web": {
      "name": "@britium/admin-web",
      "version": "0.1.0",
      "extraneous": true,
      "dependencies": {
        "@britium/shared": "0.1.0",
        "@supabase/ssr": "^0.5.2",
        "@supabase/supabase-js": "^2.45.0",
        "axios": "^1.13.6",
        "i18next": "^25.10.9",
        "i18next-browser-languagedetector": "^8.0.0",
        "i18next-http-backend": "^3.0.0",
        "mapbox-gl": "^3.15.0",
        "next": "16.2.1",
        "qrcode": "^1.5.4",
        "react": "^19.2.0",
        "react-dom": "^19.2.0",
        "react-i18next": "^15.0.0",
        "server-only": "^0.0.1",
        "xlsx": "^0.18.5"
      },
      "devDependencies": {
        "@types/node": "^20.0.0",
        "@types/qrcode": "^1.5.6",
        "@types/react": "^19.0.0",
        "@types/react-dom": "^19.0.0",
        "typescript": "^5.0.0"
      }
    },
    "apps/courier-mobile": {
      "name": "@britium/courier-mobile",
      "version": "0.1.0",
      "extraneous": true,
      "dependencies": {
        "@britium/shared": "0.1.0",
        "expo": "^55.0.0",
        "expo-camera": "~17.0.8",
        "expo-router": "^6.0.0",
        "react": "^19.2.0",
        "react-native": "0.83.2"
      },
      "devDependencies": {
        "vite": "^8.0.3"
      }
    },
    "apps/customer-mobile": {
      "name": "@britium/customer-mobile",
      "version": "0.1.0",
      "extraneous": true,
      "dependencies": {
        "@britium/shared": "0.1.0",
        "@expo/metro-runtime": "~55.0.6",
        "@supabase/supabase-js": "^2.75.0",
        "expo": "~55.0.5",
        "expo-constants": "~55.0.9",
        "expo-linking": "~55.0.8",
        "expo-router": "~55.0.7",
        "react": "19.2.0",
        "react-native": "0.83.2"
      },
      "devDependencies": {
        "vite": "^8.0.3"
      }
    },
    "packages/shared": {
      "name": "@britium/shared",
      "version": "0.1.0",
      "extraneous": true
    }
  }
}
